
Microsoft Visual Studio Solution File, Format Version 12.00
# Visual Studio Version 17
VisualStudioVersion = 17.1.32228.430
MinimumVisualStudioVersion = 10.0.40219.1
Project("{9A19103F-16F7-4668-BE54-9A1E7A4F7556}") = "LocadoraVeiculos.Dominio", "LocadoraVeiculos.Dominio\LocadoraVeiculos.Dominio.csproj", "{7D6EBAAE-D2AA-4100-983E-E4D48D531A34}"
EndProject
Project("{9A19103F-16F7-4668-BE54-9A1E7A4F7556}") = "LocadoraVeiculos.Testes", "LocadoraVeiculos.Testes\LocadoraVeiculos.Testes.csproj", "{F8CCDFA6-4FA6-4D7E-B015-149D5B2B2A27}"
EndProject
Project("{00D1A9C2-B5F0-4AF3-8072-F6C62B433612}") = "LocadoraVeiculos.DataBase.Project", "LocadoraVeiculos.DataBase.Project\LocadoraVeiculos.DataBase.Project.sqlproj", "{0416C3D4-1D7D-4DEF-BEC6-9CAD0C36CE80}"
EndProject
Project("{9A19103F-16F7-4668-BE54-9A1E7A4F7556}") = "LocadoraVeiculos.WinApp", "LocadoraVeiculos.WinApp\LocadoraVeiculos.WinApp.csproj", "{27D8BB7E-319B-4957-9910-9912EC10D137}"
EndProject
Project("{9A19103F-16F7-4668-BE54-9A1E7A4F7556}") = "LocadoraVeiculos.Aplicacao", "LocadoraVeiculos.Controladores\LocadoraVeiculos.Aplicacao.csproj", "{98FD6D35-D84A-4561-A3B0-C68E88AF82CE}"
EndProject
Project("{9A19103F-16F7-4668-BE54-9A1E7A4F7556}") = "LocadoraVeiculos.Infra.Logging", "LocadoraVeiculos.Infra.Logging\LocadoraVeiculos.Infra.Logging.csproj", "{A56BA50D-6188-4293-95E8-A23AAF7F27AB}"
EndProject
Project("{2150E333-8FDC-42A3-9474-1A3956D46DE8}") = "BancoDados", "BancoDados", "{09AC88DF-5EA9-4485-BA31-ABC8DD7CC2DD}"
EndProject
Project("{2150E333-8FDC-42A3-9474-1A3956D46DE8}") = "Orm", "Orm", "{B2C1CDC3-1EC9-470D-9E6F-7AC73339E9C7}"
EndProject
Project("{2150E333-8FDC-42A3-9474-1A3956D46DE8}") = "ProjetoBanco", "ProjetoBanco", "{687532DF-7746-420E-9D50-A1F5D6736304}"
EndProject
Project("{2150E333-8FDC-42A3-9474-1A3956D46DE8}") = "Sql", "Sql", "{DF24871A-EC04-4864-881D-F03E27173B2D}"
EndProject
Project("{9A19103F-16F7-4668-BE54-9A1E7A4F7556}") = "LocadoraVeiculos.Infra.Orm", "LocadoraVeiculos.Infra.Orm\LocadoraVeiculos.Infra.Orm.csproj", "{C2C26D7D-1FCB-48CE-86F0-0396CF4C3EE2}"
EndProject
Project("{2150E333-8FDC-42A3-9474-1A3956D46DE8}") = "Logs", "Logs", "{5F5E54B8-BA49-47C4-9F59-E6CCA6D4B925}"
EndProject
Project("{2150E333-8FDC-42A3-9474-1A3956D46DE8}") = "Infra", "Infra", "{ADF873C3-F4FC-4217-AFB9-96B56A854258}"
EndProject
Project("{2150E333-8FDC-42A3-9474-1A3956D46DE8}") = "Apresentacao", "Apresentacao", "{2790743F-094B-46F1-9631-6387A8C2BB40}"
EndProject
Project("{2150E333-8FDC-42A3-9474-1A3956D46DE8}") = "Aplicacao", "Aplicacao", "{D971A239-D9A3-4574-AC2F-897A01E2D1B9}"
EndProject
Project("{2150E333-8FDC-42A3-9474-1A3956D46DE8}") = "Dominio", "Dominio", "{456E273D-BFA6-401F-9DF6-13BEF60675C9}"
EndProject
Project("{2150E333-8FDC-42A3-9474-1A3956D46DE8}") = "Testes", "Testes", "{ADB6E339-F71D-4406-916C-242A8A1830A9}"
EndProject
Project("{2150E333-8FDC-42A3-9474-1A3956D46DE8}") = "Config", "Config", "{E1F380D2-5A2F-4FB9-AFD2-5461261B299C}"
EndProject
Project("{FAE04EC0-301F-11D3-BF4B-00C04F79EFBC}") = "LocadoraVeiculos.Infra.Configuracao", "LocadoraVeiculos.Infra.Configuracao\LocadoraVeiculos.Infra.Configuracao.csproj", "{E56CFFA4-1DDD-46E4-8E6E-9BC6C3BA6054}"
EndProject
Global
	GlobalSection(SolutionConfigurationPlatforms) = preSolution
		Debug|Any CPU = Debug|Any CPU
		Release|Any CPU = Release|Any CPU
	EndGlobalSection
	GlobalSection(ProjectConfigurationPlatforms) = postSolution
		{7D6EBAAE-D2AA-4100-983E-E4D48D531A34}.Debug|Any CPU.ActiveCfg = Debug|Any CPU
		{7D6EBAAE-D2AA-4100-983E-E4D48D531A34}.Debug|Any CPU.Build.0 = Debug|Any CPU
		{7D6EBAAE-D2AA-4100-983E-E4D48D531A34}.Release|Any CPU.ActiveCfg = Release|Any CPU
		{7D6EBAAE-D2AA-4100-983E-E4D48D531A34}.Release|Any CPU.Build.0 = Release|Any CPU
		{F8CCDFA6-4FA6-4D7E-B015-149D5B2B2A27}.Debug|Any CPU.ActiveCfg = Debug|Any CPU
		{F8CCDFA6-4FA6-4D7E-B015-149D5B2B2A27}.Debug|Any CPU.Build.0 = Debug|Any CPU
		{F8CCDFA6-4FA6-4D7E-B015-149D5B2B2A27}.Release|Any CPU.ActiveCfg = Release|Any CPU
		{F8CCDFA6-4FA6-4D7E-B015-149D5B2B2A27}.Release|Any CPU.Build.0 = Release|Any CPU
		{0416C3D4-1D7D-4DEF-BEC6-9CAD0C36CE80}.Debug|Any CPU.ActiveCfg = Debug|Any CPU
		{0416C3D4-1D7D-4DEF-BEC6-9CAD0C36CE80}.Debug|Any CPU.Build.0 = Debug|Any CPU
		{0416C3D4-1D7D-4DEF-BEC6-9CAD0C36CE80}.Debug|Any CPU.Deploy.0 = Debug|Any CPU
		{0416C3D4-1D7D-4DEF-BEC6-9CAD0C36CE80}.Release|Any CPU.ActiveCfg = Release|Any CPU
		{0416C3D4-1D7D-4DEF-BEC6-9CAD0C36CE80}.Release|Any CPU.Build.0 = Release|Any CPU
		{0416C3D4-1D7D-4DEF-BEC6-9CAD0C36CE80}.Release|Any CPU.Deploy.0 = Release|Any CPU
		{27D8BB7E-319B-4957-9910-9912EC10D137}.Debug|Any CPU.ActiveCfg = Debug|Any CPU
		{27D8BB7E-319B-4957-9910-9912EC10D137}.Debug|Any CPU.Build.0 = Debug|Any CPU
		{27D8BB7E-319B-4957-9910-9912EC10D137}.Release|Any CPU.ActiveCfg = Release|Any CPU
		{27D8BB7E-319B-4957-9910-9912EC10D137}.Release|Any CPU.Build.0 = Release|Any CPU
		{98FD6D35-D84A-4561-A3B0-C68E88AF82CE}.Debug|Any CPU.ActiveCfg = Debug|Any CPU
		{98FD6D35-D84A-4561-A3B0-C68E88AF82CE}.Debug|Any CPU.Build.0 = Debug|Any CPU
		{98FD6D35-D84A-4561-A3B0-C68E88AF82CE}.Release|Any CPU.ActiveCfg = Release|Any CPU
		{98FD6D35-D84A-4561-A3B0-C68E88AF82CE}.Release|Any CPU.Build.0 = Release|Any CPU
		{A56BA50D-6188-4293-95E8-A23AAF7F27AB}.Debug|Any CPU.ActiveCfg = Debug|Any CPU
		{A56BA50D-6188-4293-95E8-A23AAF7F27AB}.Debug|Any CPU.Build.0 = Debug|Any CPU
		{A56BA50D-6188-4293-95E8-A23AAF7F27AB}.Release|Any CPU.ActiveCfg = Release|Any CPU
		{A56BA50D-6188-4293-95E8-A23AAF7F27AB}.Release|Any CPU.Build.0 = Release|Any CPU
		{C2C26D7D-1FCB-48CE-86F0-0396CF4C3EE2}.Debug|Any CPU.ActiveCfg = Debug|Any CPU
		{C2C26D7D-1FCB-48CE-86F0-0396CF4C3EE2}.Debug|Any CPU.Build.0 = Debug|Any CPU
		{C2C26D7D-1FCB-48CE-86F0-0396CF4C3EE2}.Release|Any CPU.ActiveCfg = Release|Any CPU
		{C2C26D7D-1FCB-48CE-86F0-0396CF4C3EE2}.Release|Any CPU.Build.0 = Release|Any CPU
		{E56CFFA4-1DDD-46E4-8E6E-9BC6C3BA6054}.Debug|Any CPU.ActiveCfg = Debug|Any CPU
		{E56CFFA4-1DDD-46E4-8E6E-9BC6C3BA6054}.Debug|Any CPU.Build.0 = Debug|Any CPU
		{E56CFFA4-1DDD-46E4-8E6E-9BC6C3BA6054}.Release|Any CPU.ActiveCfg = Release|Any CPU
		{E56CFFA4-1DDD-46E4-8E6E-9BC6C3BA6054}.Release|Any CPU.Build.0 = Release|Any CPU
	EndGlobalSection
	GlobalSection(SolutionProperties) = preSolution
		HideSolutionNode = FALSE
	EndGlobalSection
	GlobalSection(NestedProjects) = preSolution
		{7D6EBAAE-D2AA-4100-983E-E4D48D531A34} = {456E273D-BFA6-401F-9DF6-13BEF60675C9}
		{F8CCDFA6-4FA6-4D7E-B015-149D5B2B2A27} = {ADB6E339-F71D-4406-916C-242A8A1830A9}
		{0416C3D4-1D7D-4DEF-BEC6-9CAD0C36CE80} = {687532DF-7746-420E-9D50-A1F5D6736304}
		{27D8BB7E-319B-4957-9910-9912EC10D137} = {2790743F-094B-46F1-9631-6387A8C2BB40}
		{98FD6D35-D84A-4561-A3B0-C68E88AF82CE} = {D971A239-D9A3-4574-AC2F-897A01E2D1B9}
		{A56BA50D-6188-4293-95E8-A23AAF7F27AB} = {5F5E54B8-BA49-47C4-9F59-E6CCA6D4B925}
		{09AC88DF-5EA9-4485-BA31-ABC8DD7CC2DD} = {ADF873C3-F4FC-4217-AFB9-96B56A854258}
		{B2C1CDC3-1EC9-470D-9E6F-7AC73339E9C7} = {09AC88DF-5EA9-4485-BA31-ABC8DD7CC2DD}
		{687532DF-7746-420E-9D50-A1F5D6736304} = {09AC88DF-5EA9-4485-BA31-ABC8DD7CC2DD}
		{DF24871A-EC04-4864-881D-F03E27173B2D} = {09AC88DF-5EA9-4485-BA31-ABC8DD7CC2DD}
		{C2C26D7D-1FCB-48CE-86F0-0396CF4C3EE2} = {B2C1CDC3-1EC9-470D-9E6F-7AC73339E9C7}
		{5F5E54B8-BA49-47C4-9F59-E6CCA6D4B925} = {ADF873C3-F4FC-4217-AFB9-96B56A854258}
		{E1F380D2-5A2F-4FB9-AFD2-5461261B299C} = {ADF873C3-F4FC-4217-AFB9-96B56A854258}
		{E56CFFA4-1DDD-46E4-8E6E-9BC6C3BA6054} = {E1F380D2-5A2F-4FB9-AFD2-5461261B299C}
	EndGlobalSection
	GlobalSection(ExtensibilityGlobals) = postSolution
		SolutionGuid = {32232AF7-C5D4-4829-AE2C-F37FC26AC0CB}
	EndGlobalSection
EndGlobal
